// !$*UTF8*$!
{
	archiveVersion = 1;
	classes = {
	};
	objectVersion = 50;
	objects = {

/* Begin PBXBuildFile section */
		38E0EB562445AC8C00B58363 /* AppDelegate.swift in Sources */ = {isa = PBXBuildFile; fileRef = 38E0EB552445AC8C00B58363 /* AppDelegate.swift */; };
		38E0EB582445AC8C00B58363 /* SceneDelegate.swift in Sources */ = {isa = PBXBuildFile; fileRef = 38E0EB572445AC8C00B58363 /* SceneDelegate.swift */; };
		38E0EB5A2445AC8C00B58363 /* ContentView.swift in Sources */ = {isa = PBXBuildFile; fileRef = 38E0EB592445AC8C00B58363 /* ContentView.swift */; };
		38E0EB5C2445AC8D00B58363 /* Assets.xcassets in Resources */ = {isa = PBXBuildFile; fileRef = 38E0EB5B2445AC8D00B58363 /* Assets.xcassets */; };
		38E0EB5F2445AC8D00B58363 /* Preview Assets.xcassets in Resources */ = {isa = PBXBuildFile; fileRef = 38E0EB5E2445AC8D00B58363 /* Preview Assets.xcassets */; };
		38E0EB622445AC8D00B58363 /* LaunchScreen.storyboard in Resources */ = {isa = PBXBuildFile; fileRef = 38E0EB602445AC8D00B58363 /* LaunchScreen.storyboard */; };
		38E0EB7D2445AE6600B58363 /* Date.swift in Sources */ = {isa = PBXBuildFile; fileRef = 38E0EB772445AE6600B58363 /* Date.swift */; };
		38E0EB7E2445AE6600B58363 /* Date+Timepiece.swift in Sources */ = {isa = PBXBuildFile; fileRef = 38E0EB782445AE6600B58363 /* Date+Timepiece.swift */; };
		38E0EB7F2445AE6600B58363 /* Int+Timepiece.swift in Sources */ = {isa = PBXBuildFile; fileRef = 38E0EB792445AE6600B58363 /* Int+Timepiece.swift */; };
		38E0EB802445AE6600B58363 /* SATextField.swift in Sources */ = {isa = PBXBuildFile; fileRef = 38E0EB7A2445AE6600B58363 /* SATextField.swift */; };
		38E0EB812445AE6600B58363 /* String+Timepiece.swift in Sources */ = {isa = PBXBuildFile; fileRef = 38E0EB7B2445AE6600B58363 /* String+Timepiece.swift */; };
		38E0EB822445AE6600B58363 /* DateComponents+Timepiece.swift in Sources */ = {isa = PBXBuildFile; fileRef = 38E0EB7C2445AE6600B58363 /* DateComponents+Timepiece.swift */; };
/* End PBXBuildFile section */

/* Begin PBXFileReference section */
		38E0EB522445AC8C00B58363 /* TodoList.app */ = {isa = PBXFileReference; explicitFileType = wrapper.application; includeInIndex = 0; path = TodoList.app; sourceTree = BUILT_PRODUCTS_DIR; };
		38E0EB552445AC8C00B58363 /* AppDelegate.swift */ = {isa = PBXFileReference; lastKnownFileType = sourcecode.swift; path = AppDelegate.swift; sourceTree = "<group>"; };
		38E0EB572445AC8C00B58363 /* SceneDelegate.swift */ = {isa = PBXFileReference; lastKnownFileType = sourcecode.swift; path = SceneDelegate.swift; sourceTree = "<group>"; };
		38E0EB592445AC8C00B58363 /* ContentView.swift */ = {isa = PBXFileReference; lastKnownFileType = sourcecode.swift; path = ContentView.swift; sourceTree = "<group>"; };
		38E0EB5B2445AC8D00B58363 /* Assets.xcassets */ = {isa = PBXFileReference; lastKnownFileType = folder.assetcatalog; path = Assets.xcassets; sourceTree = "<group>"; };
		38E0EB5E2445AC8D00B58363 /* Preview Assets.xcassets */ = {isa = PBXFileReference; lastKnownFileType = folder.assetcatalog; path = "Preview Assets.xcassets"; sourceTree = "<group>"; };
		38E0EB612445AC8D00B58363 /* Base */ = {isa = PBXFileReference; lastKnownFileType = file.storyboard; name = Base; path = Base.lproj/LaunchScreen.storyboard; sourceTree = "<group>"; };
		38E0EB632445AC8D00B58363 /* Info.plist */ = {isa = PBXFileReference; lastKnownFileType = text.plist.xml; path = Info.plist; sourceTree = "<group>"; };
		38E0EB772445AE6600B58363 /* Date.swift */ = {isa = PBXFileReference; fileEncoding = 4; lastKnownFileType = sourcecode.swift; path = Date.swift; sourceTree = "<group>"; };
		38E0EB782445AE6600B58363 /* Date+Timepiece.swift */ = {isa = PBXFileReference; fileEncoding = 4; lastKnownFileType = sourcecode.swift; path = "Date+Timepiece.swift"; sourceTree = "<group>"; };
		38E0EB792445AE6600B58363 /* Int+Timepiece.swift */ = {isa = PBXFileReference; fileEncoding = 4; lastKnownFileType = sourcecode.swift; path = "Int+Timepiece.swift"; sourceTree = "<group>"; };
		38E0EB7A2445AE6600B58363 /* SATextField.swift */ = {isa = PBXFileReference; fileEncoding = 4; lastKnownFileType = sourcecode.swift; path = SATextField.swift; sourceTree = "<group>"; };
		38E0EB7B2445AE6600B58363 /* String+Timepiece.swift */ = {isa = PBXFileReference; fileEncoding = 4; lastKnownFileType = sourcecode.swift; path = "String+Timepiece.swift"; sourceTree = "<group>"; };
		38E0EB7C2445AE6600B58363 /* DateComponents+Timepiece.swift */ = {isa = PBXFileReference; fileEncoding = 4; lastKnownFileType = sourcecode.swift; path = "DateComponents+Timepiece.swift"; sourceTree = "<group>"; };
/* End PBXFileReference section */

/* Begin PBXFrameworksBuildPhase section */
		38E0EB4F2445AC8C00B58363 /* Frameworks */ = {
			isa = PBXFrameworksBuildPhase;
			buildActionMask = 2147483647;
			files = (
			);
			runOnlyForDeploymentPostprocessing = 0;
		};
/* End PBXFrameworksBuildPhase section */

/* Begin PBXGroup section */
		38E0EB492445AC8C00B58363 = {
			isa = PBXGroup;
			children = (
				38E0EB542445AC8C00B58363 /* TodoList */,
				38E0EB532445AC8C00B58363 /* Products */,
			);
			sourceTree = "<group>";
		};
		38E0EB532445AC8C00B58363 /* Products */ = {
			isa = PBXGroup;
			children = (
				38E0EB522445AC8C00B58363 /* TodoList.app */,
			);
			name = Products;
			sourceTree = "<group>";
		};
		38E0EB542445AC8C00B58363 /* TodoList */ = {
			isa = PBXGroup;
			children = (
				38E0EB762445AE6600B58363 /* Third-Parties */,
				38E0EB552445AC8C00B58363 /* AppDelegate.swift */,
				38E0EB572445AC8C00B58363 /* SceneDelegate.swift */,
				38E0EB592445AC8C00B58363 /* ContentView.swift */,
				38E0EB5B2445AC8D00B58363 /* Assets.xcassets */,
				38E0EB602445AC8D00B58363 /* LaunchScreen.storyboard */,
				38E0EB632445AC8D00B58363 /* Info.plist */,
				38E0EB5D2445AC8D00B58363 /* Preview Content */,
			);
			path = TodoList;
			sourceTree = "<group>";
		};
		38E0EB5D2445AC8D00B58363 /* Preview Content */ = {
			isa = PBXGroup;
			children = (
				38E0EB5E2445AC8D00B58363 /* Preview Assets.xcassets */,
			);
			path = "Preview Content";
			sourceTree = "<group>";
		};
		38E0EB762445AE6600B58363 /* Third-Parties */ = {
			isa = PBXGroup;
			children = (
				38E0EB772445AE6600B58363 /* Date.swift */,
				38E0EB782445AE6600B58363 /* Date+Timepiece.swift */,
				38E0EB792445AE6600B58363 /* Int+Timepiece.swift */,
				38E0EB7A2445AE6600B58363 /* SATextField.swift */,
				38E0EB7B2445AE6600B58363 /* String+Timepiece.swift */,
				38E0EB7C2445AE6600B58363 /* DateComponents+Timepiece.swift */,
			);
			path = "Third-Parties";
			sourceTree = "<group>";
		};
/* End PBXGroup section */

/* Begin PBXNativeTarget section */
		38E0EB512445AC8C00B58363 /* TodoList */ = {
			isa = PBXNativeTarget;
			buildConfigurationList = 38E0EB662445AC8D00B58363 /* Build configuration list for PBXNativeTarget "TodoList" */;
			buildPhases = (
				38E0EB4E2445AC8C00B58363 /* Sources */,
				38E0EB4F2445AC8C00B58363 /* Frameworks */,
				38E0EB502445AC8C00B58363 /* Resources */,
			);
			buildRules = (
			);
			dependencies = (
			);
			name = TodoList;
			productName = TodoList;
			productReference = 38E0EB522445AC8C00B58363 /* TodoList.app */;
			productType = "com.apple.product-type.application";
		};
/* End PBXNativeTarget section */

/* Begin PBXProject section */
		38E0EB4A2445AC8C00B58363 /* Project object */ = {
			isa = PBXProject;
			attributes = {
				LastSwiftUpdateCheck = 1140;
				LastUpgradeCheck = 1140;
				ORGANIZATIONNAME = xubolin;
				TargetAttributes = {
					38E0EB512445AC8C00B58363 = {
						CreatedOnToolsVersion = 11.4;
					};
				};
			};
			buildConfigurationList = 38E0EB4D2445AC8C00B58363 /* Build configuration list for PBXProject "TodoList" */;
			compatibilityVersion = "Xcode 9.3";
			developmentRegion = en;
			hasScannedForEncodings = 0;
			knownRegions = (
				en,
				Base,
			);
			mainGroup = 38E0EB492445AC8C00B58363;
			productRefGroup = 38E0EB532445AC8C00B58363 /* Products */;
			projectDirPath = "";
			projectRoot = "";
			targets = (
				38E0EB512445AC8C00B58363 /* TodoList */,
			);
		};
/* End PBXProject section */

/* Begin PBXResourcesBuildPhase section */
		38E0EB502445AC8C00B58363 /* Resources */ = {
			isa = PBXResourcesBuildPhase;
			buildActionMask = 2147483647;
			files = (
				38E0EB622445AC8D00B58363 /* LaunchScreen.storyboard in Resources */,
				38E0EB5F2445AC8D00B58363 /* Preview Assets.xcassets in Resources */,
				38E0EB5C2445AC8D00B58363 /* Assets.xcassets in Resources */,
			);
			runOnlyForDeploymentPostprocessing = 0;
		};
/* End PBXResourcesBuildPhase section */

/* Begin PBXSourcesBuildPhase section */
		38E0EB4E2445AC8C00B58363 /* Sources */ = {
			isa = PBXSourcesBuildPhase;
			buildActionMask = 2147483647;
			files = (
				38E0EB812445AE6600B58363 /* String+Timepiece.swift in Sources */,
				38E0EB7E2445AE6600B58363 /* Date+Timepiece.swift in Sources */,
				38E0EB562445AC8C00B58363 /* AppDelegate.swift in Sources */,
				38E0EB582445AC8C00B58363 /* SceneDelegate.swift in Sources */,
				38E0EB5A2445AC8C00B58363 /* ContentView.swift in Sources */,
				38E0EB822445AE6600B58363 /* DateComponents+Timepiece.swift in Sources */,
				38E0EB802445AE6600B58363 /* SATextField.swift in Sources */,
				38E0EB7D2445AE6600B58363 /* Date.swift in Sources */,
				38E0EB7F2445AE6600B58363 /* Int+Timepiece.swift in Sources */,
			);
			runOnlyForDeploymentPostprocessing = 0;
		};
/* End PBXSourcesBuildPhase section */

/* Begin PBXVariantGroup section */
		38E0EB602445AC8D00B58363 /* LaunchScreen.storyboard */ = {
			isa = PBXVariantGroup;
			children = (
				38E0EB612445AC8D00B58363 /* Base */,
			);
			name = LaunchScreen.storyboard;
			sourceTree = "<group>";
		};
/* End PBXVariantGroup section */

/* Begin XCBuildConfiguration section */
		38E0EB642445AC8D00B58363 /* Debug */ = {
			isa = XCBuildConfiguration;
			buildSettings = {
				ALWAYS_SEARCH_USER_PATHS = NO;
				CLANG_ANALYZER_NONNULL = YES;
				CLANG_ANALYZER_NUMBER_OBJECT_CONVERSION = YES_AGGRESSIVE;
				CLANG_CXX_LANGUAGE_STANDARD = "gnu++14";
				CLANG_CXX_LIBRARY = "libc++";
				CLANG_ENABLE_MODULES = YES;
				CLANG_ENABLE_OBJC_ARC = YES;
				CLANG_ENABLE_OBJC_WEAK = YES;
				CLANG_WARN_BLOCK_CAPTURE_AUTORELEASING = YES;
				CLANG_WARN_BOOL_CONVERSION = YES;
				CLANG_WARN_COMMA = YES;
				CLANG_WARN_CONSTANT_CONVERSION = YES;
				CLANG_WARN_DEPRECATED_OBJC_IMPLEMENTATIONS = YES;
				CLANG_WARN_DIRECT_OBJC_ISA_USAGE = YES_ERROR;
				CLANG_WARN_DOCUMENTATION_COMMENTS = YES;
				CLANG_WARN_EMPTY_BODY = YES;
				CLANG_WARN_ENUM_CONVERSION = YES;
				CLANG_WARN_INFINITE_RECURSION = YES;
				CLANG_WARN_INT_CONVERSION = YES;
				CLANG_WARN_NON_LITERAL_NULL_CONVERSION = YES;
				CLANG_WARN_OBJC_IMPLICIT_RETAIN_SELF = YES;
				CLANG_WARN_OBJC_LITERAL_CONVERSION = YES;
				CLANG_WARN_OBJC_ROOT_CLASS = YES_ERROR;
				CLANG_WARN_RANGE_LOOP_ANALYSIS = YES;
				CLANG_WARN_STRICT_PROTOTYPES = YES;
				CLANG_WARN_SUSPICIOUS_MOVE = YES;
				CLANG_WARN_UNGUARDED_AVAILABILITY = YES_AGGRESSIVE;
				CLANG_WARN_UNREACHABLE_CODE = YES;
				CLANG_WARN__DUPLICATE_METHOD_MATCH = YES;
				COPY_PHASE_STRIP = NO;
				DEBUG_INFORMATION_FORMAT = dwarf;
				ENABLE_STRICT_OBJC_MSGSEND = YES;
				ENABLE_TESTABILITY = YES;
				GCC_C_LANGUAGE_STANDARD = gnu11;
				GCC_DYNAMIC_NO_PIC = NO;
				GCC_NO_COMMON_BLOCKS = YES;
				GCC_OPTIMIZATION_LEVEL = 0;
				GCC_PREPROCESSOR_DEFINITIONS = (
					"DEBUG=1",
					"$(inherited)",
				);
				GCC_WARN_64_TO_32_BIT_CONVERSION = YES;
				GCC_WARN_ABOUT_RETURN_TYPE = YES_ERROR;
				GCC_WARN_UNDECLARED_SELECTOR = YES;
				GCC_WARN_UNINITIALIZED_AUTOS = YES_AGGRESSIVE;
				GCC_WARN_UNUSED_FUNCTION = YES;
				GCC_WARN_UNUSED_VARIABLE = YES;
				IPHONEOS_DEPLOYMENT_TARGET = 13.4;
				MTL_ENABLE_DEBUG_INFO = INCLUDE_SOURCE;
				MTL_FAST_MATH = YES;
				ONLY_ACTIVE_ARCH = YES;
				SDKROOT = iphoneos;
				SWIFT_ACTIVE_COMPILATION_CONDITIONS = DEBUG;
				SWIFT_OPTIMIZATION_LEVEL = "-Onone";
			};
			name = Debug;
		};
		38E0EB652445AC8D00B58363 /* Release */ = {
			isa = XCBuildConfiguration;
			buildSettings = {
				ALWAYS_SEARCH_USER_PATHS = NO;
				CLANG_ANALYZER_NONNULL = YES;
				CLANG_ANALYZER_NUMBER_OBJECT_CONVERSION = YES_AGGRESSIVE;
				CLANG_CXX_LANGUAGE_STANDARD = "gnu++14";
				CLANG_CXX_LIBRARY = "libc++";
				CLANG_ENABLE_MODULES = YES;
				CLANG_ENABLE_OBJC_ARC = YES;
				CLANG_ENABLE_OBJC_WEAK = YES;
				CLANG_WARN_BLOCK_CAPTURE_AUTORELEASING = YES;
				CLANG_WARN_BOOL_CONVERSION = YES;
				CLANG_WARN_COMMA = YES;
				CLANG_WARN_CONSTANT_CONVERSION = YES;
				CLANG_WARN_DEPRECATED_OBJC_IMPLEMENTATIONS = YES;
				CLANG_WARN_DIRECT_OBJC_ISA_USAGE = YES_ERROR;
				CLANG_WARN_DOCUMENTATION_COMMENTS = YES;
				CLANG_WARN_EMPTY_BODY = YES;
				CLANG_WARN_ENUM_CONVERSION = YES;
				CLANG_WARN_INFINITE_RECURSION = YES;
				CLANG_WARN_INT_CONVERSION = YES;
				CLANG_WARN_NON_LITERAL_NULL_CONVERSION = YES;
				CLANG_WARN_OBJC_IMPLICIT_RETAIN_SELF = YES;
				CLANG_WARN_OBJC_LITERAL_CONVERSION = YES;
				CLANG_WARN_OBJC_ROOT_CLASS = YES_ERROR;
				CLANG_WARN_RANGE_LOOP_ANALYSIS = YES;
				CLANG_WARN_STRICT_PROTOTYPES = YES;
				CLANG_WARN_SUSPICIOUS_MOVE = YES;
				CLANG_WARN_UNGUARDED_AVAILABILITY = YES_AGGRESSIVE;
				CLANG_WARN_UNREACHABLE_CODE = YES;
				CLANG_WARN__DUPLICATE_METHOD_MATCH = YES;
				COPY_PHASE_STRIP = NO;
				DEBUG_INFORMATION_FORMAT = "dwarf-with-dsym";
				ENABLE_NS_ASSERTIONS = NO;
				ENABLE_STRICT_OBJC_MSGSEND = YES;
				GCC_C_LANGUAGE_STANDARD = gnu11;
				GCC_NO_COMMON_BLOCKS = YES;
				GCC_WARN_64_TO_32_BIT_CONVERSION = YES;
				GCC_WARN_ABOUT_RETURN_TYPE = YES_ERROR;
				GCC_WARN_UNDECLARED_SELECTOR = YES;
				GCC_WARN_UNINITIALIZED_AUTOS = YES_AGGRESSIVE;
				GCC_WARN_UNUSED_FUNCTION = YES;
				GCC_WARN_UNUSED_VARIABLE = YES;
				IPHONEOS_DEPLOYMENT_TARGET = 13.4;
				MTL_ENABLE_DEBUG_INFO = NO;
				MTL_FAST_MATH = YES;
				SDKROOT = iphoneos;
				SWIFT_COMPILATION_MODE = wholemodule;
				SWIFT_OPTIMIZATION_LEVEL = "-O";
				VALIDATE_PRODUCT = YES;
			};
			name = Release;
		};
		38E0EB672445AC8D00B58363 /* Debug */ = {
			isa = XCBuildConfiguration;
			buildSettings = {
				ASSETCATALOG_COMPILER_APPICON_NAME = AppIcon;
				CODE_SIGN_STYLE = Automatic;
				DEVELOPMENT_ASSET_PATHS = "\"TodoList/Preview Content\"";
				ENABLE_PREVIEWS = YES;
				INFOPLIST_FILE = TodoList/Info.plist;
				LD_RUNPATH_SEARCH_PATHS = (
					"$(inherited)",
					"@executable_path/Frameworks",
				);
				PRODUCT_BUNDLE_IDENTIFIER = xubolin.TodoList;
				PRODUCT_NAME = "$(TARGET_NAME)";
				SWIFT_VERSION = 5.0;
				TARGETED_DEVICE_FAMILY = "1,2";
			};
			name = Debug;
		};
		38E0EB682445AC8D00B58363 /* Release */ = {
			isa = XCBuildConfiguration;
			buildSettings = {
				ASSETCATALOG_COMPILER_APPICON_NAME = AppIcon;
				CODE_SIGN_STYLE = Automatic;
				DEVELOPMENT_ASSET_PATHS = "\"TodoList/Preview Content\"";
				ENABLE_PREVIEWS = YES;
				INFOPLIST_FILE = TodoList/Info.plist;
				LD_RUNPATH_SEARCH_PATHS = (
					"$(inherited)",
					"@executable_path/Frameworks",
				);
				PRODUCT_BUNDLE_IDENTIFIER = xubolin.TodoList;
				PRODUCT_NAME = "$(TARGET_NAME)";
				SWIFT_VERSION = 5.0;
				TARGETED_DEVICE_FAMILY = "1,2";
			};
			name = Release;
		};
/* End XCBuildConfiguration section */

/* Begin XCConfigurationList section */
		38E0EB4D2445AC8C00B58363 /* Build configuration list for PBXProject "TodoList" */ = {
			isa = XCConfigurationList;
			buildConfigurations = (
				38E0EB642445AC8D00B58363 /* Debug */,
				38E0EB652445AC8D00B58363 /* Release */,
			);
			defaultConfigurationIsVisible = 0;
			defaultConfigurationName = Release;
		};
		38E0EB662445AC8D00B58363 /* Build configuration list for PBXNativeTarget "TodoList" */ = {
			isa = XCConfigurationList;
			buildConfigurations = (
				38E0EB672445AC8D00B58363 /* Debug */,
				38E0EB682445AC8D00B58363 /* Release */,
			);
			defaultConfigurationIsVisible = 0;
			defaultConfigurationName = Release;
		};
/* End XCConfigurationList section */
	};
	rootObject = 38E0EB4A2445AC8C00B58363 /* Project object */;
}
